
Microsoft Visual Studio Solution File, Format Version 12.00
# Visual Studio 2017
Project("{FAE04EC0-301F-11D3-BF4B-00C04F79EFBC}") = "Ludum Dare 38 - A Small World", "Ludum Dare 38 - A Small World.csproj", "{404C3EDF-ED87-5F9C-1F08-98DA1811F960}"
EndProject
Global
	GlobalSection(SolutionConfigurationPlatforms) = preSolution
		Debug|Any CPU = Debug|Any CPU
		Release|Any CPU = Release|Any CPU
	EndGlobalSection
	GlobalSection(ProjectConfigurationPlatforms) = postSolution
		{404C3EDF-ED87-5F9C-1F08-98DA1811F960}.Debug|Any CPU.ActiveCfg = Debug|Any CPU
		{404C3EDF-ED87-5F9C-1F08-98DA1811F960}.Debug|Any CPU.Build.0 = Debug|Any CPU
		{404C3EDF-ED87-5F9C-1F08-98DA1811F960}.Release|Any CPU.ActiveCfg = Release|Any CPU
		{404C3EDF-ED87-5F9C-1F08-98DA1811F960}.Release|Any CPU.Build.0 = Release|Any CPU
	EndGlobalSection
	GlobalSection(SolutionProperties) = preSolution
		HideSolutionNode = FALSE
	EndGlobalSection
EndGlobal
